
Microsoft Visual Studio Solution File, Format Version 12.00
# Visual Studio Version 17
VisualStudioVersion = 17.14.36429.23 d17.14
MinimumVisualStudioVersion = 10.0.40219.1
Project("{FAE04EC0-301F-11D3-BF4B-00C04F79EFBC}") = "Productivity_Analytics", "Productivity_Analytics.csproj", "{B98BF672-3540-5884-D9F6-FCA174CFD519}"
EndProject
Global
	GlobalSection(SolutionConfigurationPlatforms) = preSolution
		Debug|Any CPU = Debug|Any CPU
		Release|Any CPU = Release|Any CPU
	EndGlobalSection
	GlobalSection(ProjectConfigurationPlatforms) = postSolution
		{B98BF672-3540-5884-D9F6-FCA174CFD519}.Debug|Any CPU.ActiveCfg = Debug|Any CPU
		{B98BF672-3540-5884-D9F6-FCA174CFD519}.Debug|Any CPU.Build.0 = Debug|Any CPU
		{B98BF672-3540-5884-D9F6-FCA174CFD519}.Release|Any CPU.ActiveCfg = Release|Any CPU
		{B98BF672-3540-5884-D9F6-FCA174CFD519}.Release|Any CPU.Build.0 = Release|Any CPU
	EndGlobalSection
	GlobalSection(SolutionProperties) = preSolution
		HideSolutionNode = FALSE
	EndGlobalSection
	GlobalSection(ExtensibilityGlobals) = postSolution
		SolutionGuid = {0E1280F9-61EA-4FAE-95A0-FB82FB67B615}
	EndGlobalSection
EndGlobal
